// !$*UTF8*$!
{
	archiveVersion = 1;
	classes = {
	};
	objectVersion = 50;
	objects = {

/* Begin PBXBuildFile section */
		9F38419622C12E21004ABCCB /* AppDelegate.swift in Sources */ = {isa = PBXBuildFile; fileRef = 9F38419522C12E21004ABCCB /* AppDelegate.swift */; };
		9F38419822C12E21004ABCCB /* SceneDelegate.swift in Sources */ = {isa = PBXBuildFile; fileRef = 9F38419722C12E21004ABCCB /* SceneDelegate.swift */; };
		9F38419A22C12E21004ABCCB /* ContentView.swift in Sources */ = {isa = PBXBuildFile; fileRef = 9F38419922C12E21004ABCCB /* ContentView.swift */; };
		9F38419C22C12E22004ABCCB /* Assets.xcassets in Resources */ = {isa = PBXBuildFile; fileRef = 9F38419B22C12E22004ABCCB /* Assets.xcassets */; };
		9F38419F22C12E22004ABCCB /* Preview Assets.xcassets in Resources */ = {isa = PBXBuildFile; fileRef = 9F38419E22C12E22004ABCCB /* Preview Assets.xcassets */; };
		9F3841A222C12E22004ABCCB /* LaunchScreen.storyboard in Resources */ = {isa = PBXBuildFile; fileRef = 9F3841A022C12E22004ABCCB /* LaunchScreen.storyboard */; };
		9F3F261022C24D1C00FE2146 /* CupcakeRow.swift in Sources */ = {isa = PBXBuildFile; fileRef = 9F3F260F22C24D1C00FE2146 /* CupcakeRow.swift */; };
		9F42660722C68F5100750A4F /* ContentTypeListView.swift in Sources */ = {isa = PBXBuildFile; fileRef = 9F42660622C68F5100750A4F /* ContentTypeListView.swift */; };
		9FA8536A22C150E900ACCD2E /* Order.swift in Sources */ = {isa = PBXBuildFile; fileRef = 9FA8536922C150E900ACCD2E /* Order.swift */; };
		9FA8536C22C15EDA00ACCD2E /* NewContentView.swift in Sources */ = {isa = PBXBuildFile; fileRef = 9FA8536B22C15EDA00ACCD2E /* NewContentView.swift */; };
		9FA8536E22C15EE300ACCD2E /* NewOrder.swift in Sources */ = {isa = PBXBuildFile; fileRef = 9FA8536D22C15EE300ACCD2E /* NewOrder.swift */; };
/* End PBXBuildFile section */

/* Begin PBXFileReference section */
		9F38419222C12E21004ABCCB /* Cupcake.app */ = {isa = PBXFileReference; explicitFileType = wrapper.application; includeInIndex = 0; path = Cupcake.app; sourceTree = BUILT_PRODUCTS_DIR; };
		9F38419522C12E21004ABCCB /* AppDelegate.swift */ = {isa = PBXFileReference; lastKnownFileType = sourcecode.swift; path = AppDelegate.swift; sourceTree = "<group>"; };
		9F38419722C12E21004ABCCB /* SceneDelegate.swift */ = {isa = PBXFileReference; lastKnownFileType = sourcecode.swift; path = SceneDelegate.swift; sourceTree = "<group>"; };
		9F38419922C12E21004ABCCB /* ContentView.swift */ = {isa = PBXFileReference; lastKnownFileType = sourcecode.swift; path = ContentView.swift; sourceTree = "<group>"; };
		9F38419B22C12E22004ABCCB /* Assets.xcassets */ = {isa = PBXFileReference; lastKnownFileType = folder.assetcatalog; path = Assets.xcassets; sourceTree = "<group>"; };
		9F38419E22C12E22004ABCCB /* Preview Assets.xcassets */ = {isa = PBXFileReference; lastKnownFileType = folder.assetcatalog; path = "Preview Assets.xcassets"; sourceTree = "<group>"; };
		9F3841A122C12E22004ABCCB /* Base */ = {isa = PBXFileReference; lastKnownFileType = file.storyboard; name = Base; path = Base.lproj/LaunchScreen.storyboard; sourceTree = "<group>"; };
		9F3841A322C12E22004ABCCB /* Info.plist */ = {isa = PBXFileReference; lastKnownFileType = text.plist.xml; path = Info.plist; sourceTree = "<group>"; };
		9F3F260F22C24D1C00FE2146 /* CupcakeRow.swift */ = {isa = PBXFileReference; lastKnownFileType = sourcecode.swift; path = CupcakeRow.swift; sourceTree = "<group>"; };
		9F42660622C68F5100750A4F /* ContentTypeListView.swift */ = {isa = PBXFileReference; lastKnownFileType = sourcecode.swift; path = ContentTypeListView.swift; sourceTree = "<group>"; };
		9FA8536922C150E900ACCD2E /* Order.swift */ = {isa = PBXFileReference; lastKnownFileType = sourcecode.swift; path = Order.swift; sourceTree = "<group>"; };
		9FA8536B22C15EDA00ACCD2E /* NewContentView.swift */ = {isa = PBXFileReference; lastKnownFileType = sourcecode.swift; path = NewContentView.swift; sourceTree = "<group>"; };
		9FA8536D22C15EE300ACCD2E /* NewOrder.swift */ = {isa = PBXFileReference; lastKnownFileType = sourcecode.swift; path = NewOrder.swift; sourceTree = "<group>"; };
/* End PBXFileReference section */

/* Begin PBXFrameworksBuildPhase section */
		9F38418F22C12E20004ABCCB /* Frameworks */ = {
			isa = PBXFrameworksBuildPhase;
			buildActionMask = 2147483647;
			files = (
			);
			runOnlyForDeploymentPostprocessing = 0;
		};
/* End PBXFrameworksBuildPhase section */

/* Begin PBXGroup section */
		9F38418922C12E20004ABCCB = {
			isa = PBXGroup;
			children = (
				9F38419422C12E21004ABCCB /* Cupcake */,
				9F38419322C12E21004ABCCB /* Products */,
			);
			sourceTree = "<group>";
		};
		9F38419322C12E21004ABCCB /* Products */ = {
			isa = PBXGroup;
			children = (
				9F38419222C12E21004ABCCB /* Cupcake.app */,
			);
			name = Products;
			sourceTree = "<group>";
		};
		9F38419422C12E21004ABCCB /* Cupcake */ = {
			isa = PBXGroup;
			children = (
				9F38419522C12E21004ABCCB /* AppDelegate.swift */,
				9F38419722C12E21004ABCCB /* SceneDelegate.swift */,
				9F42660622C68F5100750A4F /* ContentTypeListView.swift */,
				9FC8DA5922C2A41A00D67433 /* Tipo 1 */,
				9FC8DA5A22C2A42300D67433 /* Tipo 2 */,
				9F3F260F22C24D1C00FE2146 /* CupcakeRow.swift */,
				9F38419B22C12E22004ABCCB /* Assets.xcassets */,
				9F3841A022C12E22004ABCCB /* LaunchScreen.storyboard */,
				9F3841A322C12E22004ABCCB /* Info.plist */,
				9F38419D22C12E22004ABCCB /* Preview Content */,
			);
			path = Cupcake;
			sourceTree = "<group>";
		};
		9F38419D22C12E22004ABCCB /* Preview Content */ = {
			isa = PBXGroup;
			children = (
				9F38419E22C12E22004ABCCB /* Preview Assets.xcassets */,
			);
			path = "Preview Content";
			sourceTree = "<group>";
		};
		9FC8DA5922C2A41A00D67433 /* Tipo 1 */ = {
			isa = PBXGroup;
			children = (
				9FA8536922C150E900ACCD2E /* Order.swift */,
				9F38419922C12E21004ABCCB /* ContentView.swift */,
			);
			path = "Tipo 1";
			sourceTree = "<group>";
		};
		9FC8DA5A22C2A42300D67433 /* Tipo 2 */ = {
			isa = PBXGroup;
			children = (
				9FA8536D22C15EE300ACCD2E /* NewOrder.swift */,
				9FA8536B22C15EDA00ACCD2E /* NewContentView.swift */,
			);
			path = "Tipo 2";
			sourceTree = "<group>";
		};
/* End PBXGroup section */

/* Begin PBXNativeTarget section */
		9F38419122C12E20004ABCCB /* Cupcake */ = {
			isa = PBXNativeTarget;
			buildConfigurationList = 9F3841A622C12E22004ABCCB /* Build configuration list for PBXNativeTarget "Cupcake" */;
			buildPhases = (
				9F38418E22C12E20004ABCCB /* Sources */,
				9F38418F22C12E20004ABCCB /* Frameworks */,
				9F38419022C12E20004ABCCB /* Resources */,
			);
			buildRules = (
			);
			dependencies = (
			);
			name = Cupcake;
			productName = Cupcake;
			productReference = 9F38419222C12E21004ABCCB /* Cupcake.app */;
			productType = "com.apple.product-type.application";
		};
/* End PBXNativeTarget section */

/* Begin PBXProject section */
		9F38418A22C12E20004ABCCB /* Project object */ = {
			isa = PBXProject;
			attributes = {
				LastSwiftUpdateCheck = 1100;
				LastUpgradeCheck = 1100;
				ORGANIZATIONNAME = "Matheus Pacheco Fusco";
				TargetAttributes = {
					9F38419122C12E20004ABCCB = {
						CreatedOnToolsVersion = 11.0;
					};
				};
			};
			buildConfigurationList = 9F38418D22C12E20004ABCCB /* Build configuration list for PBXProject "Cupcake" */;
			compatibilityVersion = "Xcode 9.3";
			developmentRegion = en;
			hasScannedForEncodings = 0;
			knownRegions = (
				en,
				Base,
			);
			mainGroup = 9F38418922C12E20004ABCCB;
			productRefGroup = 9F38419322C12E21004ABCCB /* Products */;
			projectDirPath = "";
			projectRoot = "";
			targets = (
				9F38419122C12E20004ABCCB /* Cupcake */,
			);
		};
/* End PBXProject section */

/* Begin PBXResourcesBuildPhase section */
		9F38419022C12E20004ABCCB /* Resources */ = {
			isa = PBXResourcesBuildPhase;
			buildActionMask = 2147483647;
			files = (
				9F3841A222C12E22004ABCCB /* LaunchScreen.storyboard in Resources */,
				9F38419F22C12E22004ABCCB /* Preview Assets.xcassets in Resources */,
				9F38419C22C12E22004ABCCB /* Assets.xcassets in Resources */,
			);
			runOnlyForDeploymentPostprocessing = 0;
		};
/* End PBXResourcesBuildPhase section */

/* Begin PBXSourcesBuildPhase section */
		9F38418E22C12E20004ABCCB /* Sources */ = {
			isa = PBXSourcesBuildPhase;
			buildActionMask = 2147483647;
			files = (
				9F42660722C68F5100750A4F /* ContentTypeListView.swift in Sources */,
				9F38419622C12E21004ABCCB /* AppDelegate.swift in Sources */,
				9FA8536E22C15EE300ACCD2E /* NewOrder.swift in Sources */,
				9F38419822C12E21004ABCCB /* SceneDelegate.swift in Sources */,
				9FA8536A22C150E900ACCD2E /* Order.swift in Sources */,
				9F3F261022C24D1C00FE2146 /* CupcakeRow.swift in Sources */,
				9F38419A22C12E21004ABCCB /* ContentView.swift in Sources */,
				9FA8536C22C15EDA00ACCD2E /* NewContentView.swift in Sources */,
			);
			runOnlyForDeploymentPostprocessing = 0;
		};
/* End PBXSourcesBuildPhase section */

/* Begin PBXVariantGroup section */
		9F3841A022C12E22004ABCCB /* LaunchScreen.storyboard */ = {
			isa = PBXVariantGroup;
			children = (
				9F3841A122C12E22004ABCCB /* Base */,
			);
			name = LaunchScreen.storyboard;
			sourceTree = "<group>";
		};
/* End PBXVariantGroup section */

/* Begin XCBuildConfiguration section */
		9F3841A422C12E22004ABCCB /* Debug */ = {
			isa = XCBuildConfiguration;
			buildSettings = {
				ALWAYS_SEARCH_USER_PATHS = NO;
				CLANG_ANALYZER_NONNULL = YES;
				CLANG_ANALYZER_NUMBER_OBJECT_CONVERSION = YES_AGGRESSIVE;
				CLANG_CXX_LANGUAGE_STANDARD = "gnu++14";
				CLANG_CXX_LIBRARY = "libc++";
				CLANG_ENABLE_MODULES = YES;
				CLANG_ENABLE_OBJC_ARC = YES;
				CLANG_ENABLE_OBJC_WEAK = YES;
				CLANG_WARN_BLOCK_CAPTURE_AUTORELEASING = YES;
				CLANG_WARN_BOOL_CONVERSION = YES;
				CLANG_WARN_COMMA = YES;
				CLANG_WARN_CONSTANT_CONVERSION = YES;
				CLANG_WARN_DEPRECATED_OBJC_IMPLEMENTATIONS = YES;
				CLANG_WARN_DIRECT_OBJC_ISA_USAGE = YES_ERROR;
				CLANG_WARN_DOCUMENTATION_COMMENTS = YES;
				CLANG_WARN_EMPTY_BODY = YES;
				CLANG_WARN_ENUM_CONVERSION = YES;
				CLANG_WARN_INFINITE_RECURSION = YES;
				CLANG_WARN_INT_CONVERSION = YES;
				CLANG_WARN_NON_LITERAL_NULL_CONVERSION = YES;
				CLANG_WARN_OBJC_IMPLICIT_RETAIN_SELF = YES;
				CLANG_WARN_OBJC_LITERAL_CONVERSION = YES;
				CLANG_WARN_OBJC_ROOT_CLASS = YES_ERROR;
				CLANG_WARN_RANGE_LOOP_ANALYSIS = YES;
				CLANG_WARN_STRICT_PROTOTYPES = YES;
				CLANG_WARN_SUSPICIOUS_MOVE = YES;
				CLANG_WARN_UNGUARDED_AVAILABILITY = YES_AGGRESSIVE;
				CLANG_WARN_UNREACHABLE_CODE = YES;
				CLANG_WARN__DUPLICATE_METHOD_MATCH = YES;
				COPY_PHASE_STRIP = NO;
				DEBUG_INFORMATION_FORMAT = dwarf;
				ENABLE_STRICT_OBJC_MSGSEND = YES;
				ENABLE_TESTABILITY = YES;
				GCC_C_LANGUAGE_STANDARD = gnu11;
				GCC_DYNAMIC_NO_PIC = NO;
				GCC_NO_COMMON_BLOCKS = YES;
				GCC_OPTIMIZATION_LEVEL = 0;
				GCC_PREPROCESSOR_DEFINITIONS = (
					"DEBUG=1",
					"$(inherited)",
				);
				GCC_WARN_64_TO_32_BIT_CONVERSION = YES;
				GCC_WARN_ABOUT_RETURN_TYPE = YES_ERROR;
				GCC_WARN_UNDECLARED_SELECTOR = YES;
				GCC_WARN_UNINITIALIZED_AUTOS = YES_AGGRESSIVE;
				GCC_WARN_UNUSED_FUNCTION = YES;
				GCC_WARN_UNUSED_VARIABLE = YES;
				IPHONEOS_DEPLOYMENT_TARGET = 13.0;
				MTL_ENABLE_DEBUG_INFO = INCLUDE_SOURCE;
				MTL_FAST_MATH = YES;
				ONLY_ACTIVE_ARCH = YES;
				SDKROOT = iphoneos;
				SWIFT_ACTIVE_COMPILATION_CONDITIONS = DEBUG;
				SWIFT_OPTIMIZATION_LEVEL = "-Onone";
			};
			name = Debug;
		};
		9F3841A522C12E22004ABCCB /* Release */ = {
			isa = XCBuildConfiguration;
			buildSettings = {
				ALWAYS_SEARCH_USER_PATHS = NO;
				CLANG_ANALYZER_NONNULL = YES;
				CLANG_ANALYZER_NUMBER_OBJECT_CONVERSION = YES_AGGRESSIVE;
				CLANG_CXX_LANGUAGE_STANDARD = "gnu++14";
				CLANG_CXX_LIBRARY = "libc++";
				CLANG_ENABLE_MODULES = YES;
				CLANG_ENABLE_OBJC_ARC = YES;
				CLANG_ENABLE_OBJC_WEAK = YES;
				CLANG_WARN_BLOCK_CAPTURE_AUTORELEASING = YES;
				CLANG_WARN_BOOL_CONVERSION = YES;
				CLANG_WARN_COMMA = YES;
				CLANG_WARN_CONSTANT_CONVERSION = YES;
				CLANG_WARN_DEPRECATED_OBJC_IMPLEMENTATIONS = YES;
				CLANG_WARN_DIRECT_OBJC_ISA_USAGE = YES_ERROR;
				CLANG_WARN_DOCUMENTATION_COMMENTS = YES;
				CLANG_WARN_EMPTY_BODY = YES;
				CLANG_WARN_ENUM_CONVERSION = YES;
				CLANG_WARN_INFINITE_RECURSION = YES;
				CLANG_WARN_INT_CONVERSION = YES;
				CLANG_WARN_NON_LITERAL_NULL_CONVERSION = YES;
				CLANG_WARN_OBJC_IMPLICIT_RETAIN_SELF = YES;
				CLANG_WARN_OBJC_LITERAL_CONVERSION = YES;
				CLANG_WARN_OBJC_ROOT_CLASS = YES_ERROR;
				CLANG_WARN_RANGE_LOOP_ANALYSIS = YES;
				CLANG_WARN_STRICT_PROTOTYPES = YES;
				CLANG_WARN_SUSPICIOUS_MOVE = YES;
				CLANG_WARN_UNGUARDED_AVAILABILITY = YES_AGGRESSIVE;
				CLANG_WARN_UNREACHABLE_CODE = YES;
				CLANG_WARN__DUPLICATE_METHOD_MATCH = YES;
				COPY_PHASE_STRIP = NO;
				DEBUG_INFORMATION_FORMAT = "dwarf-with-dsym";
				ENABLE_NS_ASSERTIONS = NO;
				ENABLE_STRICT_OBJC_MSGSEND = YES;
				GCC_C_LANGUAGE_STANDARD = gnu11;
				GCC_NO_COMMON_BLOCKS = YES;
				GCC_WARN_64_TO_32_BIT_CONVERSION = YES;
				GCC_WARN_ABOUT_RETURN_TYPE = YES_ERROR;
				GCC_WARN_UNDECLARED_SELECTOR = YES;
				GCC_WARN_UNINITIALIZED_AUTOS = YES_AGGRESSIVE;
				GCC_WARN_UNUSED_FUNCTION = YES;
				GCC_WARN_UNUSED_VARIABLE = YES;
				IPHONEOS_DEPLOYMENT_TARGET = 13.0;
				MTL_ENABLE_DEBUG_INFO = NO;
				MTL_FAST_MATH = YES;
				SDKROOT = iphoneos;
				SWIFT_COMPILATION_MODE = wholemodule;
				SWIFT_OPTIMIZATION_LEVEL = "-O";
				VALIDATE_PRODUCT = YES;
			};
			name = Release;
		};
		9F3841A722C12E22004ABCCB /* Debug */ = {
			isa = XCBuildConfiguration;
			buildSettings = {
				ASSETCATALOG_COMPILER_APPICON_NAME = AppIcon;
				CODE_SIGN_STYLE = Automatic;
				DEVELOPMENT_ASSET_PATHS = "Cupcake/Preview\\ Content";
				ENABLE_PREVIEWS = YES;
				INFOPLIST_FILE = Cupcake/Info.plist;
				LD_RUNPATH_SEARCH_PATHS = (
					"$(inherited)",
					"@executable_path/Frameworks",
				);
				PRODUCT_BUNDLE_IDENTIFIER = Fusco.Cupcake;
				PRODUCT_NAME = "$(TARGET_NAME)";
				SWIFT_VERSION = 5.0;
				TARGETED_DEVICE_FAMILY = "1,2";
			};
			name = Debug;
		};
		9F3841A822C12E22004ABCCB /* Release */ = {
			isa = XCBuildConfiguration;
			buildSettings = {
				ASSETCATALOG_COMPILER_APPICON_NAME = AppIcon;
				CODE_SIGN_STYLE = Automatic;
				DEVELOPMENT_ASSET_PATHS = "Cupcake/Preview\\ Content";
				ENABLE_PREVIEWS = YES;
				INFOPLIST_FILE = Cupcake/Info.plist;
				LD_RUNPATH_SEARCH_PATHS = (
					"$(inherited)",
					"@executable_path/Frameworks",
				);
				PRODUCT_BUNDLE_IDENTIFIER = Fusco.Cupcake;
				PRODUCT_NAME = "$(TARGET_NAME)";
				SWIFT_VERSION = 5.0;
				TARGETED_DEVICE_FAMILY = "1,2";
			};
			name = Release;
		};
/* End XCBuildConfiguration section */

/* Begin XCConfigurationList section */
		9F38418D22C12E20004ABCCB /* Build configuration list for PBXProject "Cupcake" */ = {
			isa = XCConfigurationList;
			buildConfigurations = (
				9F3841A422C12E22004ABCCB /* Debug */,
				9F3841A522C12E22004ABCCB /* Release */,
			);
			defaultConfigurationIsVisible = 0;
			defaultConfigurationName = Release;
		};
		9F3841A622C12E22004ABCCB /* Build configuration list for PBXNativeTarget "Cupcake" */ = {
			isa = XCConfigurationList;
			buildConfigurations = (
				9F3841A722C12E22004ABCCB /* Debug */,
				9F3841A822C12E22004ABCCB /* Release */,
			);
			defaultConfigurationIsVisible = 0;
			defaultConfigurationName = Release;
		};
/* End XCConfigurationList section */
	};
	rootObject = 9F38418A22C12E20004ABCCB /* Project object */;
}
